
Microsoft Visual Studio Solution File, Format Version 12.00
# Visual Studio Version 16
VisualStudioVersion = 16.0.33328.57
MinimumVisualStudioVersion = 10.0.40219.1
Project("{FAE04EC0-301F-11D3-BF4B-00C04F79EFBC}") = "MorseCodeWithSound", "MorseCodeWithSound.csproj", "{9E2424B4-EFF7-4B41-B675-D1B5E094E28E}"
EndProject
Global
	GlobalSection(SolutionConfigurationPlatforms) = preSolution
		Debug|Any CPU = Debug|Any CPU
		Release|Any CPU = Release|Any CPU
	EndGlobalSection
	GlobalSection(ProjectConfigurationPlatforms) = postSolution
		{9E2424B4-EFF7-4B41-B675-D1B5E094E28E}.Debug|Any CPU.ActiveCfg = Debug|Any CPU
		{9E2424B4-EFF7-4B41-B675-D1B5E094E28E}.Debug|Any CPU.Build.0 = Debug|Any CPU
		{9E2424B4-EFF7-4B41-B675-D1B5E094E28E}.Release|Any CPU.ActiveCfg = Release|Any CPU
		{9E2424B4-EFF7-4B41-B675-D1B5E094E28E}.Release|Any CPU.Build.0 = Release|Any CPU
	EndGlobalSection
	GlobalSection(SolutionProperties) = preSolution
		HideSolutionNode = FALSE
	EndGlobalSection
	GlobalSection(ExtensibilityGlobals) = postSolution
		SolutionGuid = {8D7D3298-7D34-492F-A9B9-796C2FF20B32}
	EndGlobalSection
EndGlobal
